
Microsoft Visual Studio Solution File, Format Version 12.00
# Visual Studio Version 17
VisualStudioVersion = 17.3.32901.215
MinimumVisualStudioVersion = 10.0.40219.1
Project("{FAE04EC0-301F-11D3-BF4B-00C04F79EFBC}") = "break-ornk", "break-ornk\break-ornk.csproj", "{FFE82298-5F2F-49AB-93A8-58C5231427EB}"
EndProject
Global
	GlobalSection(SolutionConfigurationPlatforms) = preSolution
		Debug|Any CPU = Debug|Any CPU
		Release|Any CPU = Release|Any CPU
	EndGlobalSection
	GlobalSection(ProjectConfigurationPlatforms) = postSolution
		{FFE82298-5F2F-49AB-93A8-58C5231427EB}.Debug|Any CPU.ActiveCfg = Debug|Any CPU
		{FFE82298-5F2F-49AB-93A8-58C5231427EB}.Debug|Any CPU.Build.0 = Debug|Any CPU
		{FFE82298-5F2F-49AB-93A8-58C5231427EB}.Release|Any CPU.ActiveCfg = Release|Any CPU
		{FFE82298-5F2F-49AB-93A8-58C5231427EB}.Release|Any CPU.Build.0 = Release|Any CPU
	EndGlobalSection
	GlobalSection(SolutionProperties) = preSolution
		HideSolutionNode = FALSE
	EndGlobalSection
	GlobalSection(ExtensibilityGlobals) = postSolution
		SolutionGuid = {BB395EFB-EAC3-4048-8734-3EB3AC0FAE70}
	EndGlobalSection
EndGlobal
